
Microsoft Visual Studio Solution File, Format Version 12.00
# Visual Studio Version 17
VisualStudioVersion = 17.14.36414.22
MinimumVisualStudioVersion = 10.0.40219.1
Project("{FAE04EC0-301F-11D3-BF4B-00C04F79EFBC}") = "CMCS", "CMCS.csproj", "{059CBC6F-525B-44BC-885A-42258B336EF5}"
EndProject
Project("{FAE04EC0-301F-11D3-BF4B-00C04F79EFBC}") = "CMCS.Tests", "..\CMCS.Tests\CMCS.Tests.csproj", "{994830FC-5789-4CC9-97FE-6E6C4D30D8B4}"
EndProject
Global
	GlobalSection(SolutionConfigurationPlatforms) = preSolution
		Debug|Any CPU = Debug|Any CPU
		Release|Any CPU = Release|Any CPU
	EndGlobalSection
	GlobalSection(ProjectConfigurationPlatforms) = postSolution
		{059CBC6F-525B-44BC-885A-42258B336EF5}.Debug|Any CPU.ActiveCfg = Debug|Any CPU
		{059CBC6F-525B-44BC-885A-42258B336EF5}.Debug|Any CPU.Build.0 = Debug|Any CPU
		{059CBC6F-525B-44BC-885A-42258B336EF5}.Release|Any CPU.ActiveCfg = Release|Any CPU
		{059CBC6F-525B-44BC-885A-42258B336EF5}.Release|Any CPU.Build.0 = Release|Any CPU
		{994830FC-5789-4CC9-97FE-6E6C4D30D8B4}.Debug|Any CPU.ActiveCfg = Debug|Any CPU
		{994830FC-5789-4CC9-97FE-6E6C4D30D8B4}.Debug|Any CPU.Build.0 = Debug|Any CPU
		{994830FC-5789-4CC9-97FE-6E6C4D30D8B4}.Release|Any CPU.ActiveCfg = Release|Any CPU
		{994830FC-5789-4CC9-97FE-6E6C4D30D8B4}.Release|Any CPU.Build.0 = Release|Any CPU
	EndGlobalSection
	GlobalSection(SolutionProperties) = preSolution
		HideSolutionNode = FALSE
	EndGlobalSection
	GlobalSection(ExtensibilityGlobals) = postSolution
		SolutionGuid = {ECB03970-F630-41E1-AF9C-3032984B283B}
	EndGlobalSection
EndGlobal
